
Microsoft Visual Studio Solution File, Format Version 12.00
# Visual Studio Version 16
VisualStudioVersion = 16.0.31515.178
MinimumVisualStudioVersion = 10.0.40219.1
Project("{9A19103F-16F7-4668-BE54-9A1E7A4F7556}") = "XPTOOrcamentos", "XPTOOrcamentos.csproj", "{96DA3EBB-699D-4921-94D0-4A4992C9A634}"
EndProject
Global
	GlobalSection(SolutionConfigurationPlatforms) = preSolution
		Debug|Any CPU = Debug|Any CPU
		Release|Any CPU = Release|Any CPU
	EndGlobalSection
	GlobalSection(ProjectConfigurationPlatforms) = postSolution
		{96DA3EBB-699D-4921-94D0-4A4992C9A634}.Debug|Any CPU.ActiveCfg = Debug|Any CPU
		{96DA3EBB-699D-4921-94D0-4A4992C9A634}.Debug|Any CPU.Build.0 = Debug|Any CPU
		{96DA3EBB-699D-4921-94D0-4A4992C9A634}.Release|Any CPU.ActiveCfg = Release|Any CPU
		{96DA3EBB-699D-4921-94D0-4A4992C9A634}.Release|Any CPU.Build.0 = Release|Any CPU
	EndGlobalSection
	GlobalSection(SolutionProperties) = preSolution
		HideSolutionNode = FALSE
	EndGlobalSection
	GlobalSection(ExtensibilityGlobals) = postSolution
		SolutionGuid = {DF81F96E-3A06-4C77-84FD-7A8B5529A816}
	EndGlobalSection
EndGlobal
